<?xml version="1.0" encoding="utf-8"?>
<Project ToolsVersion="4.0" xmlns="http://schemas.microsoft.com/developer/msbuild/2003">
  <ItemGroup>
    <ClCompile Include="PrecompiledHeaders\collisionPCH.cpp">
      <Filter>Source Files</Filter>
    </ClCompile>
    <ClCompile Include="Management\VMapFactory.cpp">
      <Filter>Source Files</Filter>
    </ClCompile>
    <ClCompile Include="Management\VMapManager2.cpp">
      <Filter>Source Files</Filter>
    </ClCompile>
    <ClCompile Include="Maps\MapTree.cpp">
      <Filter>Source Files</Filter>
    </ClCompile>
    <ClCompile Include="Maps\TileAssembler.cpp">
      <Filter>Source Files</Filter>
    </ClCompile>
    <ClCompile Include="Models\ModelInstance.cpp">
      <Filter>Source Files</Filter>
    </ClCompile>
    <ClCompile Include="Models\WorldModel.cpp">
      <Filter>Source Files</Filter>
    </ClCompile>
    <ClCompile Include="BoundingIntervalHierarchy.cpp">
      <Filter>Source Files</Filter>
    </ClCompile>
  </ItemGroup>
  <ItemGroup>
    <ClInclude Include="PrecompiledHeaders\collisionPCH.h">
      <Filter>Header Files</Filter>
    </ClInclude>
    <ClInclude Include="Management\IVMapManager.h">
      <Filter>Header Files</Filter>
    </ClInclude>
    <ClInclude Include="Management\VMapFactory.h">
      <Filter>Header Files</Filter>
    </ClInclude>
    <ClInclude Include="Management\VMapManager2.h">
      <Filter>Header Files</Filter>
    </ClInclude>
    <ClInclude Include="Maps\MapTree.h">
      <Filter>Header Files</Filter>
    </ClInclude>
    <ClInclude Include="Maps\TileAssembler.h">
      <Filter>Header Files</Filter>
    </ClInclude>
    <ClInclude Include="Models\ModelInstance.h">
      <Filter>Header Files</Filter>
    </ClInclude>
    <ClInclude Include="Models\WorldModel.h">
      <Filter>Header Files</Filter>
    </ClInclude>
    <ClInclude Include="BoundingIntervalHierarchy.h">
      <Filter>Header Files</Filter>
    </ClInclude>
    <ClInclude Include="VMapDefinitions.h">
      <Filter>Header Files</Filter>
    </ClInclude>
    <ClInclude Include="VMapTools.h">
      <Filter>Header Files</Filter>
    </ClInclude>
  </ItemGroup>
  <ItemGroup>
  </ItemGroup>
  <ItemGroup>
    <CustomBuild Include="CMakeLists.txt" />
  </ItemGroup>
  <ItemGroup>
    <Filter Include="Source Files">
      <UniqueIdentifier>{3BBA3DF8-A87E-414E-9AB0-2FFCB0E04EA0}</UniqueIdentifier>
    </Filter>
    <Filter Include="Header Files">
      <UniqueIdentifier>{A267A383-B1B3-49D1-ACD6-F0FCF0EB1010}</UniqueIdentifier>
    </Filter>
  </ItemGroup>
  <ItemGroup>
    <None Include="PrecompiledHeaders\collisionPCH.cpp">
      <Filter>Source Files</Filter>
    </None>
    <None Include="Management\VMapFactory.cpp">
      <Filter>Source Files</Filter>
    </None>
    <None Include="Management\VMapManager2.cpp">
      <Filter>Source Files</Filter>
    </None>
    <None Include="Maps\MapTree.cpp">
      <Filter>Source Files</Filter>
    </None>
    <None Include="Maps\TileAssembler.cpp">
      <Filter>Source Files</Filter>
    </None>
    <None Include="Models\ModelInstance.cpp">
      <Filter>Source Files</Filter>
    </None>
    <None Include="Models\WorldModel.cpp">
      <Filter>Source Files</Filter>
    </None>
    <None Include="BoundingIntervalHierarchy.cpp">
      <Filter>Source Files</Filter>
    </None>
  </ItemGroup>
</Project>
