<?xml version="1.0" encoding="utf-8"?>
<Project ToolsVersion="4.0" xmlns="http://schemas.microsoft.com/developer/msbuild/2003">
  <ItemGroup>
    <ClCompile Include="PrecompiledHeaders\sharedPCH.cpp">
      <Filter>Source Files</Filter>
    </ClCompile>
    <ClCompile Include="Configuration\Config.cpp">
      <Filter>Source Files</Filter>
    </ClCompile>
    <ClCompile Include="Cryptography\ARC4.cpp">
      <Filter>Source Files</Filter>
    </ClCompile>
    <ClCompile Include="Cryptography\Authentication\AuthCrypt.cpp">
      <Filter>Source Files</Filter>
    </ClCompile>
    <ClCompile Include="Cryptography\BigNumber.cpp">
      <Filter>Source Files</Filter>
    </ClCompile>
    <ClCompile Include="Cryptography\HMACSHA1.cpp">
      <Filter>Source Files</Filter>
    </ClCompile>
    <ClCompile Include="Cryptography\SHA1.cpp">
      <Filter>Source Files</Filter>
    </ClCompile>
    <ClCompile Include="Database\AdhocStatement.cpp">
      <Filter>Source Files</Filter>
    </ClCompile>
    <ClCompile Include="Database\DatabaseWorker.cpp">
      <Filter>Source Files</Filter>
    </ClCompile>
    <ClCompile Include="Database\Field.cpp">
      <Filter>Source Files</Filter>
    </ClCompile>
    <ClCompile Include="Database\Implementation\CharacterDatabase.cpp">
      <Filter>Source Files</Filter>
    </ClCompile>
    <ClCompile Include="Database\Implementation\LoginDatabase.cpp">
      <Filter>Source Files</Filter>
    </ClCompile>
    <ClCompile Include="Database\Implementation\WorldDatabase.cpp">
      <Filter>Source Files</Filter>
    </ClCompile>
    <ClCompile Include="Database\MySQLConnection.cpp">
      <Filter>Source Files</Filter>
    </ClCompile>
    <ClCompile Include="Database\PreparedStatement.cpp">
      <Filter>Source Files</Filter>
    </ClCompile>
    <ClCompile Include="Database\QueryHolder.cpp">
      <Filter>Source Files</Filter>
    </ClCompile>
    <ClCompile Include="Database\QueryResult.cpp">
      <Filter>Source Files</Filter>
    </ClCompile>
    <ClCompile Include="Database\Transaction.cpp">
      <Filter>Source Files</Filter>
    </ClCompile>
    <ClCompile Include="DataStores\DBCFileLoader.cpp">
      <Filter>Source Files</Filter>
    </ClCompile>
    <ClCompile Include="Logging\Log.cpp">
      <Filter>Source Files</Filter>
    </ClCompile>
    <ClCompile Include="Threading\DelayExecutor.cpp">
      <Filter>Source Files</Filter>
    </ClCompile>
    <ClCompile Include="Threading\Threading.cpp">
      <Filter>Source Files</Filter>
    </ClCompile>
    <ClCompile Include="Utilities\EventProcessor.cpp">
      <Filter>Source Files</Filter>
    </ClCompile>
    <ClCompile Include="Utilities\ServiceWin32.cpp">
      <Filter>Source Files</Filter>
    </ClCompile>
    <ClCompile Include="Utilities\Util.cpp">
      <Filter>Source Files</Filter>
    </ClCompile>
    <ClCompile Include="Common.cpp">
      <Filter>Source Files</Filter>
    </ClCompile>
  </ItemGroup>
  <ItemGroup>
    <ClInclude Include="PrecompiledHeaders\sharedPCH.h">
      <Filter>Header Files</Filter>
    </ClInclude>
    <ClInclude Include="Configuration\Config.h">
      <Filter>Header Files</Filter>
    </ClInclude>
    <ClInclude Include="Cryptography\ARC4.h">
      <Filter>Header Files</Filter>
    </ClInclude>
    <ClInclude Include="Cryptography\Authentication\AuthCrypt.h">
      <Filter>Header Files</Filter>
    </ClInclude>
    <ClInclude Include="Cryptography\BigNumber.h">
      <Filter>Header Files</Filter>
    </ClInclude>
    <ClInclude Include="Cryptography\HMACSHA1.h">
      <Filter>Header Files</Filter>
    </ClInclude>
    <ClInclude Include="Cryptography\SHA1.h">
      <Filter>Header Files</Filter>
    </ClInclude>
    <ClInclude Include="Database\AdhocStatement.h">
      <Filter>Header Files</Filter>
    </ClInclude>
    <ClInclude Include="Database\DatabaseEnv.h">
      <Filter>Header Files</Filter>
    </ClInclude>
    <ClInclude Include="Database\DatabaseWorker.h">
      <Filter>Header Files</Filter>
    </ClInclude>
    <ClInclude Include="Database\DatabaseWorkerPool.h">
      <Filter>Header Files</Filter>
    </ClInclude>
    <ClInclude Include="Database\Field.h">
      <Filter>Header Files</Filter>
    </ClInclude>
    <ClInclude Include="Database\Implementation\CharacterDatabase.h">
      <Filter>Header Files</Filter>
    </ClInclude>
    <ClInclude Include="Database\Implementation\LoginDatabase.h">
      <Filter>Header Files</Filter>
    </ClInclude>
    <ClInclude Include="Database\Implementation\WorldDatabase.h">
      <Filter>Header Files</Filter>
    </ClInclude>
    <ClInclude Include="Database\MySQLConnection.h">
      <Filter>Header Files</Filter>
    </ClInclude>
    <ClInclude Include="Database\MySQLThreading.h">
      <Filter>Header Files</Filter>
    </ClInclude>
    <ClInclude Include="Database\PreparedStatement.h">
      <Filter>Header Files</Filter>
    </ClInclude>
    <ClInclude Include="Database\QueryHolder.h">
      <Filter>Header Files</Filter>
    </ClInclude>
    <ClInclude Include="Database\QueryResult.h">
      <Filter>Header Files</Filter>
    </ClInclude>
    <ClInclude Include="Database\SQLOperation.h">
      <Filter>Header Files</Filter>
    </ClInclude>
    <ClInclude Include="Database\Transaction.h">
      <Filter>Header Files</Filter>
    </ClInclude>
    <ClInclude Include="DataStores\DBCFileLoader.h">
      <Filter>Header Files</Filter>
    </ClInclude>
    <ClInclude Include="DataStores\DBCStore.h">
      <Filter>Header Files</Filter>
    </ClInclude>
    <ClInclude Include="Dynamic\FactoryHolder.h">
      <Filter>Header Files</Filter>
    </ClInclude>
    <ClInclude Include="Dynamic\LinkedList.h">
      <Filter>Header Files</Filter>
    </ClInclude>
    <ClInclude Include="Dynamic\LinkedReference\Reference.h">
      <Filter>Header Files</Filter>
    </ClInclude>
    <ClInclude Include="Dynamic\LinkedReference\RefManager.h">
      <Filter>Header Files</Filter>
    </ClInclude>
    <ClInclude Include="Dynamic\ObjectRegistry.h">
      <Filter>Header Files</Filter>
    </ClInclude>
    <ClInclude Include="Dynamic\TypeContainer.h">
      <Filter>Header Files</Filter>
    </ClInclude>
    <ClInclude Include="Dynamic\TypeContainerFunctions.h">
      <Filter>Header Files</Filter>
    </ClInclude>
    <ClInclude Include="Dynamic\TypeContainerFunctionsPtr.h">
      <Filter>Header Files</Filter>
    </ClInclude>
    <ClInclude Include="Dynamic\TypeContainerVisitor.h">
      <Filter>Header Files</Filter>
    </ClInclude>
    <ClInclude Include="Dynamic\TypeList.h">
      <Filter>Header Files</Filter>
    </ClInclude>
    <ClInclude Include="Dynamic\UnorderedMap.h">
      <Filter>Header Files</Filter>
    </ClInclude>
    <ClInclude Include="Logging\Log.h">
      <Filter>Header Files</Filter>
    </ClInclude>
    <ClInclude Include="Packets\ByteBuffer.h">
      <Filter>Header Files</Filter>
    </ClInclude>
    <ClInclude Include="Packets\WorldPacket.h">
      <Filter>Header Files</Filter>
    </ClInclude>
    <ClInclude Include="Threading\Callback.h">
      <Filter>Header Files</Filter>
    </ClInclude>
    <ClInclude Include="Threading\DelayExecutor.h">
      <Filter>Header Files</Filter>
    </ClInclude>
    <ClInclude Include="Threading\LockedQueue.h">
      <Filter>Header Files</Filter>
    </ClInclude>
    <ClInclude Include="Threading\Threading.h">
      <Filter>Header Files</Filter>
    </ClInclude>
    <ClInclude Include="Utilities\ByteConverter.h">
      <Filter>Header Files</Filter>
    </ClInclude>
    <ClInclude Include="Utilities\EventProcessor.h">
      <Filter>Header Files</Filter>
    </ClInclude>
    <ClInclude Include="Utilities\ServiceWin32.h">
      <Filter>Header Files</Filter>
    </ClInclude>
    <ClInclude Include="Utilities\SignalHandler.h">
      <Filter>Header Files</Filter>
    </ClInclude>
    <ClInclude Include="Utilities\Timer.h">
      <Filter>Header Files</Filter>
    </ClInclude>
    <ClInclude Include="Utilities\Util.h">
      <Filter>Header Files</Filter>
    </ClInclude>
    <ClInclude Include="Common.h">
      <Filter>Header Files</Filter>
    </ClInclude>
    <ClInclude Include="CompilerDefs.h">
      <Filter>Header Files</Filter>
    </ClInclude>
    <ClInclude Include="Define.h">
      <Filter>Header Files</Filter>
    </ClInclude>
    <ClInclude Include="SystemConfig.h">
      <Filter>Header Files</Filter>
    </ClInclude>
    <ClInclude Include="Debugging\Errors.h">
      <Filter>Header Files</Filter>
    </ClInclude>
  </ItemGroup>
  <ItemGroup>
  </ItemGroup>
  <ItemGroup>
    <CustomBuild Include="CMakeLists.txt" />
  </ItemGroup>
  <ItemGroup>
    <Filter Include="Source Files">
      <UniqueIdentifier>{3BBA3DF8-A87E-414E-9AB0-2FFCB0E04EA0}</UniqueIdentifier>
    </Filter>
    <Filter Include="Header Files">
      <UniqueIdentifier>{A267A383-B1B3-49D1-ACD6-F0FCF0EB1010}</UniqueIdentifier>
    </Filter>
  </ItemGroup>
  <ItemGroup>
    <None Include="PrecompiledHeaders\sharedPCH.cpp">
      <Filter>Source Files</Filter>
    </None>
    <None Include="Configuration\Config.cpp">
      <Filter>Source Files</Filter>
    </None>
    <None Include="Cryptography\ARC4.cpp">
      <Filter>Source Files</Filter>
    </None>
    <None Include="Cryptography\Authentication\AuthCrypt.cpp">
      <Filter>Source Files</Filter>
    </None>
    <None Include="Cryptography\BigNumber.cpp">
      <Filter>Source Files</Filter>
    </None>
    <None Include="Cryptography\HMACSHA1.cpp">
      <Filter>Source Files</Filter>
    </None>
    <None Include="Cryptography\SHA1.cpp">
      <Filter>Source Files</Filter>
    </None>
    <None Include="Database\AdhocStatement.cpp">
      <Filter>Source Files</Filter>
    </None>
    <None Include="Database\DatabaseWorker.cpp">
      <Filter>Source Files</Filter>
    </None>
    <None Include="Database\Field.cpp">
      <Filter>Source Files</Filter>
    </None>
    <None Include="Database\Implementation\CharacterDatabase.cpp">
      <Filter>Source Files</Filter>
    </None>
    <None Include="Database\Implementation\LoginDatabase.cpp">
      <Filter>Source Files</Filter>
    </None>
    <None Include="Database\Implementation\WorldDatabase.cpp">
      <Filter>Source Files</Filter>
    </None>
    <None Include="Database\MySQLConnection.cpp">
      <Filter>Source Files</Filter>
    </None>
    <None Include="Database\PreparedStatement.cpp">
      <Filter>Source Files</Filter>
    </None>
    <None Include="Database\QueryHolder.cpp">
      <Filter>Source Files</Filter>
    </None>
    <None Include="Database\QueryResult.cpp">
      <Filter>Source Files</Filter>
    </None>
    <None Include="Database\Transaction.cpp">
      <Filter>Source Files</Filter>
    </None>
    <None Include="DataStores\DBCFileLoader.cpp">
      <Filter>Source Files</Filter>
    </None>
    <None Include="Logging\Log.cpp">
      <Filter>Source Files</Filter>
    </None>
    <None Include="Threading\DelayExecutor.cpp">
      <Filter>Source Files</Filter>
    </None>
    <None Include="Threading\Threading.cpp">
      <Filter>Source Files</Filter>
    </None>
    <None Include="Utilities\EventProcessor.cpp">
      <Filter>Source Files</Filter>
    </None>
    <None Include="Utilities\ServiceWin32.cpp">
      <Filter>Source Files</Filter>
    </None>
    <None Include="Utilities\Util.cpp">
      <Filter>Source Files</Filter>
    </None>
    <None Include="Common.cpp">
      <Filter>Source Files</Filter>
    </None>
  </ItemGroup>
</Project>
