Microsoft Visual Studio Solution File, Format Version 11.00
# Visual Studio 2010
Project("{8BC9CEB8-8B4A-11D0-8D11-00A0C91BC942}") = "ALL_BUILD", ".\ALL_BUILD.vcxproj", "{FD637769-704D-4A25-9EC0-1BC0D69AEAB4}"
	ProjectSection(ProjectDependencies) = postProject
		{99A5AD38-9D26-4CFC-8793-1B2D7516DB55} = {99A5AD38-9D26-4CFC-8793-1B2D7516DB55}
		{E308D553-80DF-48EC-93F4-F3087CB73876} = {E308D553-80DF-48EC-93F4-F3087CB73876}
		{3B69E8BF-7AC1-425A-A253-AF9D305F7E39} = {3B69E8BF-7AC1-425A-A253-AF9D305F7E39}
		{39CF443E-CA7E-4861-B4D7-B3222F713CFA} = {39CF443E-CA7E-4861-B4D7-B3222F713CFA}
		{C0C488D0-9CEB-4B52-99AF-BF8E1CD2014B} = {C0C488D0-9CEB-4B52-99AF-BF8E1CD2014B}
		{BC6F52A1-D18A-4908-AA48-6941E68D309F} = {BC6F52A1-D18A-4908-AA48-6941E68D309F}
		{B6F7FA36-5CD9-4080-8D4F-A52056B0FE34} = {B6F7FA36-5CD9-4080-8D4F-A52056B0FE34}
		{F3ACA407-346E-4B85-8C64-4A64F1A349C1} = {F3ACA407-346E-4B85-8C64-4A64F1A349C1}
		{EC10FA6B-CE54-4082-90C2-5901DF767AC7} = {EC10FA6B-CE54-4082-90C2-5901DF767AC7}
		{C22CAE54-0E8A-41B4-8621-1574299D9E7D} = {C22CAE54-0E8A-41B4-8621-1574299D9E7D}
		{84EA0BCE-FE54-4F68-960C-674C28D01171} = {84EA0BCE-FE54-4F68-960C-674C28D01171}
		{8CD6CB16-E5CA-4A4C-BD34-654CA3E01FA2} = {8CD6CB16-E5CA-4A4C-BD34-654CA3E01FA2}
		{B6C9E9A0-ED69-4741-85B4-421502FFEDF9} = {B6C9E9A0-ED69-4741-85B4-421502FFEDF9}
	EndProjectSection
EndProject
Project("{8BC9CEB8-8B4A-11D0-8D11-00A0C91BC942}") = "INSTALL", ".\INSTALL.vcxproj", "{5A8E6DFE-A748-49D0-9788-D47C38CFD21A}"
	ProjectSection(ProjectDependencies) = postProject
		{FD637769-704D-4A25-9EC0-1BC0D69AEAB4} = {FD637769-704D-4A25-9EC0-1BC0D69AEAB4}
	EndProjectSection
EndProject
Project("{8BC9CEB8-8B4A-11D0-8D11-00A0C91BC942}") = "ZERO_CHECK", ".\ZERO_CHECK.vcxproj", "{99A5AD38-9D26-4CFC-8793-1B2D7516DB55}"
	ProjectSection(ProjectDependencies) = postProject
	EndProjectSection
EndProject
Project("{8BC9CEB8-8B4A-11D0-8D11-00A0C91BC942}") = "ace", "dep\acelite\ace\ace.vcxproj", "{E308D553-80DF-48EC-93F4-F3087CB73876}"
	ProjectSection(ProjectDependencies) = postProject
		{99A5AD38-9D26-4CFC-8793-1B2D7516DB55} = {99A5AD38-9D26-4CFC-8793-1B2D7516DB55}
	EndProjectSection
EndProject
Project("{8BC9CEB8-8B4A-11D0-8D11-00A0C91BC942}") = "authserver", "src\server\authserver\authserver.vcxproj", "{3B69E8BF-7AC1-425A-A253-AF9D305F7E39}"
	ProjectSection(ProjectDependencies) = postProject
		{99A5AD38-9D26-4CFC-8793-1B2D7516DB55} = {99A5AD38-9D26-4CFC-8793-1B2D7516DB55}
		{E308D553-80DF-48EC-93F4-F3087CB73876} = {E308D553-80DF-48EC-93F4-F3087CB73876}
		{F3ACA407-346E-4B85-8C64-4A64F1A349C1} = {F3ACA407-346E-4B85-8C64-4A64F1A349C1}
		{EC10FA6B-CE54-4082-90C2-5901DF767AC7} = {EC10FA6B-CE54-4082-90C2-5901DF767AC7}
		{84EA0BCE-FE54-4F68-960C-674C28D01171} = {84EA0BCE-FE54-4F68-960C-674C28D01171}
		{B6C9E9A0-ED69-4741-85B4-421502FFEDF9} = {B6C9E9A0-ED69-4741-85B4-421502FFEDF9}
	EndProjectSection
EndProject
Project("{8BC9CEB8-8B4A-11D0-8D11-00A0C91BC942}") = "collision", "src\server\collision\collision.vcxproj", "{39CF443E-CA7E-4861-B4D7-B3222F713CFA}"
	ProjectSection(ProjectDependencies) = postProject
		{99A5AD38-9D26-4CFC-8793-1B2D7516DB55} = {99A5AD38-9D26-4CFC-8793-1B2D7516DB55}
	EndProjectSection
EndProject
Project("{8BC9CEB8-8B4A-11D0-8D11-00A0C91BC942}") = "g3dlib", "dep\g3dlite\g3dlib.vcxproj", "{C0C488D0-9CEB-4B52-99AF-BF8E1CD2014B}"
	ProjectSection(ProjectDependencies) = postProject
		{99A5AD38-9D26-4CFC-8793-1B2D7516DB55} = {99A5AD38-9D26-4CFC-8793-1B2D7516DB55}
	EndProjectSection
EndProject
Project("{8BC9CEB8-8B4A-11D0-8D11-00A0C91BC942}") = "game", "src\server\game\game.vcxproj", "{BC6F52A1-D18A-4908-AA48-6941E68D309F}"
	ProjectSection(ProjectDependencies) = postProject
		{99A5AD38-9D26-4CFC-8793-1B2D7516DB55} = {99A5AD38-9D26-4CFC-8793-1B2D7516DB55}
		{EC10FA6B-CE54-4082-90C2-5901DF767AC7} = {EC10FA6B-CE54-4082-90C2-5901DF767AC7}
	EndProjectSection
EndProject
Project("{8BC9CEB8-8B4A-11D0-8D11-00A0C91BC942}") = "gsoap", "dep\gsoap\gsoap.vcxproj", "{B6F7FA36-5CD9-4080-8D4F-A52056B0FE34}"
	ProjectSection(ProjectDependencies) = postProject
		{99A5AD38-9D26-4CFC-8793-1B2D7516DB55} = {99A5AD38-9D26-4CFC-8793-1B2D7516DB55}
	EndProjectSection
EndProject
Project("{8BC9CEB8-8B4A-11D0-8D11-00A0C91BC942}") = "libmysql", "dep\mysqllite\libmysql.vcxproj", "{F3ACA407-346E-4B85-8C64-4A64F1A349C1}"
	ProjectSection(ProjectDependencies) = postProject
		{99A5AD38-9D26-4CFC-8793-1B2D7516DB55} = {99A5AD38-9D26-4CFC-8793-1B2D7516DB55}
		{B6C9E9A0-ED69-4741-85B4-421502FFEDF9} = {B6C9E9A0-ED69-4741-85B4-421502FFEDF9}
	EndProjectSection
EndProject
Project("{8BC9CEB8-8B4A-11D0-8D11-00A0C91BC942}") = "revision.h", "src\genrev\revision.h.vcxproj", "{EC10FA6B-CE54-4082-90C2-5901DF767AC7}"
	ProjectSection(ProjectDependencies) = postProject
		{99A5AD38-9D26-4CFC-8793-1B2D7516DB55} = {99A5AD38-9D26-4CFC-8793-1B2D7516DB55}
	EndProjectSection
EndProject
Project("{8BC9CEB8-8B4A-11D0-8D11-00A0C91BC942}") = "scripts", "src\server\scripts\scripts.vcxproj", "{C22CAE54-0E8A-41B4-8621-1574299D9E7D}"
	ProjectSection(ProjectDependencies) = postProject
		{99A5AD38-9D26-4CFC-8793-1B2D7516DB55} = {99A5AD38-9D26-4CFC-8793-1B2D7516DB55}
		{EC10FA6B-CE54-4082-90C2-5901DF767AC7} = {EC10FA6B-CE54-4082-90C2-5901DF767AC7}
	EndProjectSection
EndProject
Project("{8BC9CEB8-8B4A-11D0-8D11-00A0C91BC942}") = "shared", "src\server\shared\shared.vcxproj", "{84EA0BCE-FE54-4F68-960C-674C28D01171}"
	ProjectSection(ProjectDependencies) = postProject
		{99A5AD38-9D26-4CFC-8793-1B2D7516DB55} = {99A5AD38-9D26-4CFC-8793-1B2D7516DB55}
	EndProjectSection
EndProject
Project("{8BC9CEB8-8B4A-11D0-8D11-00A0C91BC942}") = "worldserver", "src\server\worldserver\worldserver.vcxproj", "{8CD6CB16-E5CA-4A4C-BD34-654CA3E01FA2}"
	ProjectSection(ProjectDependencies) = postProject
		{99A5AD38-9D26-4CFC-8793-1B2D7516DB55} = {99A5AD38-9D26-4CFC-8793-1B2D7516DB55}
		{E308D553-80DF-48EC-93F4-F3087CB73876} = {E308D553-80DF-48EC-93F4-F3087CB73876}
		{39CF443E-CA7E-4861-B4D7-B3222F713CFA} = {39CF443E-CA7E-4861-B4D7-B3222F713CFA}
		{C0C488D0-9CEB-4B52-99AF-BF8E1CD2014B} = {C0C488D0-9CEB-4B52-99AF-BF8E1CD2014B}
		{BC6F52A1-D18A-4908-AA48-6941E68D309F} = {BC6F52A1-D18A-4908-AA48-6941E68D309F}
		{B6F7FA36-5CD9-4080-8D4F-A52056B0FE34} = {B6F7FA36-5CD9-4080-8D4F-A52056B0FE34}
		{F3ACA407-346E-4B85-8C64-4A64F1A349C1} = {F3ACA407-346E-4B85-8C64-4A64F1A349C1}
		{EC10FA6B-CE54-4082-90C2-5901DF767AC7} = {EC10FA6B-CE54-4082-90C2-5901DF767AC7}
		{C22CAE54-0E8A-41B4-8621-1574299D9E7D} = {C22CAE54-0E8A-41B4-8621-1574299D9E7D}
		{84EA0BCE-FE54-4F68-960C-674C28D01171} = {84EA0BCE-FE54-4F68-960C-674C28D01171}
		{B6C9E9A0-ED69-4741-85B4-421502FFEDF9} = {B6C9E9A0-ED69-4741-85B4-421502FFEDF9}
	EndProjectSection
EndProject
Project("{8BC9CEB8-8B4A-11D0-8D11-00A0C91BC942}") = "zlib", "dep\zlib\zlib.vcxproj", "{B6C9E9A0-ED69-4741-85B4-421502FFEDF9}"
	ProjectSection(ProjectDependencies) = postProject
		{99A5AD38-9D26-4CFC-8793-1B2D7516DB55} = {99A5AD38-9D26-4CFC-8793-1B2D7516DB55}
	EndProjectSection
EndProject
Global
	GlobalSection(SolutionConfigurationPlatforms) = preSolution
		Debug|Win32 = Debug|Win32
		Release|Win32 = Release|Win32
		MinSizeRel|Win32 = MinSizeRel|Win32
		RelWithDebInfo|Win32 = RelWithDebInfo|Win32
	EndGlobalSection
	GlobalSection(ProjectConfigurationPlatforms) = postSolution
		{FD637769-704D-4A25-9EC0-1BC0D69AEAB4}.Debug|Win32.ActiveCfg = Debug|Win32
		{FD637769-704D-4A25-9EC0-1BC0D69AEAB4}.Debug|Win32.Build.0 = Debug|Win32
		{FD637769-704D-4A25-9EC0-1BC0D69AEAB4}.Release|Win32.ActiveCfg = Release|Win32
		{FD637769-704D-4A25-9EC0-1BC0D69AEAB4}.Release|Win32.Build.0 = Release|Win32
		{FD637769-704D-4A25-9EC0-1BC0D69AEAB4}.MinSizeRel|Win32.ActiveCfg = MinSizeRel|Win32
		{FD637769-704D-4A25-9EC0-1BC0D69AEAB4}.MinSizeRel|Win32.Build.0 = MinSizeRel|Win32
		{FD637769-704D-4A25-9EC0-1BC0D69AEAB4}.RelWithDebInfo|Win32.ActiveCfg = RelWithDebInfo|Win32
		{FD637769-704D-4A25-9EC0-1BC0D69AEAB4}.RelWithDebInfo|Win32.Build.0 = RelWithDebInfo|Win32
		{5A8E6DFE-A748-49D0-9788-D47C38CFD21A}.Debug|Win32.ActiveCfg = Debug|Win32
		{5A8E6DFE-A748-49D0-9788-D47C38CFD21A}.Release|Win32.ActiveCfg = Release|Win32
		{5A8E6DFE-A748-49D0-9788-D47C38CFD21A}.MinSizeRel|Win32.ActiveCfg = MinSizeRel|Win32
		{5A8E6DFE-A748-49D0-9788-D47C38CFD21A}.RelWithDebInfo|Win32.ActiveCfg = RelWithDebInfo|Win32
		{99A5AD38-9D26-4CFC-8793-1B2D7516DB55}.Debug|Win32.ActiveCfg = Debug|Win32
		{99A5AD38-9D26-4CFC-8793-1B2D7516DB55}.Debug|Win32.Build.0 = Debug|Win32
		{99A5AD38-9D26-4CFC-8793-1B2D7516DB55}.Release|Win32.ActiveCfg = Release|Win32
		{99A5AD38-9D26-4CFC-8793-1B2D7516DB55}.Release|Win32.Build.0 = Release|Win32
		{99A5AD38-9D26-4CFC-8793-1B2D7516DB55}.MinSizeRel|Win32.ActiveCfg = MinSizeRel|Win32
		{99A5AD38-9D26-4CFC-8793-1B2D7516DB55}.MinSizeRel|Win32.Build.0 = MinSizeRel|Win32
		{99A5AD38-9D26-4CFC-8793-1B2D7516DB55}.RelWithDebInfo|Win32.ActiveCfg = RelWithDebInfo|Win32
		{99A5AD38-9D26-4CFC-8793-1B2D7516DB55}.RelWithDebInfo|Win32.Build.0 = RelWithDebInfo|Win32
		{E308D553-80DF-48EC-93F4-F3087CB73876}.Debug|Win32.ActiveCfg = Debug|Win32
		{E308D553-80DF-48EC-93F4-F3087CB73876}.Debug|Win32.Build.0 = Debug|Win32
		{E308D553-80DF-48EC-93F4-F3087CB73876}.Release|Win32.ActiveCfg = Release|Win32
		{E308D553-80DF-48EC-93F4-F3087CB73876}.Release|Win32.Build.0 = Release|Win32
		{E308D553-80DF-48EC-93F4-F3087CB73876}.MinSizeRel|Win32.ActiveCfg = MinSizeRel|Win32
		{E308D553-80DF-48EC-93F4-F3087CB73876}.MinSizeRel|Win32.Build.0 = MinSizeRel|Win32
		{E308D553-80DF-48EC-93F4-F3087CB73876}.RelWithDebInfo|Win32.ActiveCfg = RelWithDebInfo|Win32
		{E308D553-80DF-48EC-93F4-F3087CB73876}.RelWithDebInfo|Win32.Build.0 = RelWithDebInfo|Win32
		{3B69E8BF-7AC1-425A-A253-AF9D305F7E39}.Debug|Win32.ActiveCfg = Debug|Win32
		{3B69E8BF-7AC1-425A-A253-AF9D305F7E39}.Debug|Win32.Build.0 = Debug|Win32
		{3B69E8BF-7AC1-425A-A253-AF9D305F7E39}.Release|Win32.ActiveCfg = Release|Win32
		{3B69E8BF-7AC1-425A-A253-AF9D305F7E39}.Release|Win32.Build.0 = Release|Win32
		{3B69E8BF-7AC1-425A-A253-AF9D305F7E39}.MinSizeRel|Win32.ActiveCfg = MinSizeRel|Win32
		{3B69E8BF-7AC1-425A-A253-AF9D305F7E39}.MinSizeRel|Win32.Build.0 = MinSizeRel|Win32
		{3B69E8BF-7AC1-425A-A253-AF9D305F7E39}.RelWithDebInfo|Win32.ActiveCfg = RelWithDebInfo|Win32
		{3B69E8BF-7AC1-425A-A253-AF9D305F7E39}.RelWithDebInfo|Win32.Build.0 = RelWithDebInfo|Win32
		{39CF443E-CA7E-4861-B4D7-B3222F713CFA}.Debug|Win32.ActiveCfg = Debug|Win32
		{39CF443E-CA7E-4861-B4D7-B3222F713CFA}.Debug|Win32.Build.0 = Debug|Win32
		{39CF443E-CA7E-4861-B4D7-B3222F713CFA}.Release|Win32.ActiveCfg = Release|Win32
		{39CF443E-CA7E-4861-B4D7-B3222F713CFA}.Release|Win32.Build.0 = Release|Win32
		{39CF443E-CA7E-4861-B4D7-B3222F713CFA}.MinSizeRel|Win32.ActiveCfg = MinSizeRel|Win32
		{39CF443E-CA7E-4861-B4D7-B3222F713CFA}.MinSizeRel|Win32.Build.0 = MinSizeRel|Win32
		{39CF443E-CA7E-4861-B4D7-B3222F713CFA}.RelWithDebInfo|Win32.ActiveCfg = RelWithDebInfo|Win32
		{39CF443E-CA7E-4861-B4D7-B3222F713CFA}.RelWithDebInfo|Win32.Build.0 = RelWithDebInfo|Win32
		{C0C488D0-9CEB-4B52-99AF-BF8E1CD2014B}.Debug|Win32.ActiveCfg = Debug|Win32
		{C0C488D0-9CEB-4B52-99AF-BF8E1CD2014B}.Debug|Win32.Build.0 = Debug|Win32
		{C0C488D0-9CEB-4B52-99AF-BF8E1CD2014B}.Release|Win32.ActiveCfg = Release|Win32
		{C0C488D0-9CEB-4B52-99AF-BF8E1CD2014B}.Release|Win32.Build.0 = Release|Win32
		{C0C488D0-9CEB-4B52-99AF-BF8E1CD2014B}.MinSizeRel|Win32.ActiveCfg = MinSizeRel|Win32
		{C0C488D0-9CEB-4B52-99AF-BF8E1CD2014B}.MinSizeRel|Win32.Build.0 = MinSizeRel|Win32
		{C0C488D0-9CEB-4B52-99AF-BF8E1CD2014B}.RelWithDebInfo|Win32.ActiveCfg = RelWithDebInfo|Win32
		{C0C488D0-9CEB-4B52-99AF-BF8E1CD2014B}.RelWithDebInfo|Win32.Build.0 = RelWithDebInfo|Win32
		{BC6F52A1-D18A-4908-AA48-6941E68D309F}.Debug|Win32.ActiveCfg = Debug|Win32
		{BC6F52A1-D18A-4908-AA48-6941E68D309F}.Debug|Win32.Build.0 = Debug|Win32
		{BC6F52A1-D18A-4908-AA48-6941E68D309F}.Release|Win32.ActiveCfg = Release|Win32
		{BC6F52A1-D18A-4908-AA48-6941E68D309F}.Release|Win32.Build.0 = Release|Win32
		{BC6F52A1-D18A-4908-AA48-6941E68D309F}.MinSizeRel|Win32.ActiveCfg = MinSizeRel|Win32
		{BC6F52A1-D18A-4908-AA48-6941E68D309F}.MinSizeRel|Win32.Build.0 = MinSizeRel|Win32
		{BC6F52A1-D18A-4908-AA48-6941E68D309F}.RelWithDebInfo|Win32.ActiveCfg = RelWithDebInfo|Win32
		{BC6F52A1-D18A-4908-AA48-6941E68D309F}.RelWithDebInfo|Win32.Build.0 = RelWithDebInfo|Win32
		{B6F7FA36-5CD9-4080-8D4F-A52056B0FE34}.Debug|Win32.ActiveCfg = Debug|Win32
		{B6F7FA36-5CD9-4080-8D4F-A52056B0FE34}.Debug|Win32.Build.0 = Debug|Win32
		{B6F7FA36-5CD9-4080-8D4F-A52056B0FE34}.Release|Win32.ActiveCfg = Release|Win32
		{B6F7FA36-5CD9-4080-8D4F-A52056B0FE34}.Release|Win32.Build.0 = Release|Win32
		{B6F7FA36-5CD9-4080-8D4F-A52056B0FE34}.MinSizeRel|Win32.ActiveCfg = MinSizeRel|Win32
		{B6F7FA36-5CD9-4080-8D4F-A52056B0FE34}.MinSizeRel|Win32.Build.0 = MinSizeRel|Win32
		{B6F7FA36-5CD9-4080-8D4F-A52056B0FE34}.RelWithDebInfo|Win32.ActiveCfg = RelWithDebInfo|Win32
		{B6F7FA36-5CD9-4080-8D4F-A52056B0FE34}.RelWithDebInfo|Win32.Build.0 = RelWithDebInfo|Win32
		{F3ACA407-346E-4B85-8C64-4A64F1A349C1}.Debug|Win32.ActiveCfg = Debug|Win32
		{F3ACA407-346E-4B85-8C64-4A64F1A349C1}.Debug|Win32.Build.0 = Debug|Win32
		{F3ACA407-346E-4B85-8C64-4A64F1A349C1}.Release|Win32.ActiveCfg = Release|Win32
		{F3ACA407-346E-4B85-8C64-4A64F1A349C1}.Release|Win32.Build.0 = Release|Win32
		{F3ACA407-346E-4B85-8C64-4A64F1A349C1}.MinSizeRel|Win32.ActiveCfg = MinSizeRel|Win32
		{F3ACA407-346E-4B85-8C64-4A64F1A349C1}.MinSizeRel|Win32.Build.0 = MinSizeRel|Win32
		{F3ACA407-346E-4B85-8C64-4A64F1A349C1}.RelWithDebInfo|Win32.ActiveCfg = RelWithDebInfo|Win32
		{F3ACA407-346E-4B85-8C64-4A64F1A349C1}.RelWithDebInfo|Win32.Build.0 = RelWithDebInfo|Win32
		{EC10FA6B-CE54-4082-90C2-5901DF767AC7}.Debug|Win32.ActiveCfg = Debug|Win32
		{EC10FA6B-CE54-4082-90C2-5901DF767AC7}.Debug|Win32.Build.0 = Debug|Win32
		{EC10FA6B-CE54-4082-90C2-5901DF767AC7}.Release|Win32.ActiveCfg = Release|Win32
		{EC10FA6B-CE54-4082-90C2-5901DF767AC7}.Release|Win32.Build.0 = Release|Win32
		{EC10FA6B-CE54-4082-90C2-5901DF767AC7}.MinSizeRel|Win32.ActiveCfg = MinSizeRel|Win32
		{EC10FA6B-CE54-4082-90C2-5901DF767AC7}.MinSizeRel|Win32.Build.0 = MinSizeRel|Win32
		{EC10FA6B-CE54-4082-90C2-5901DF767AC7}.RelWithDebInfo|Win32.ActiveCfg = RelWithDebInfo|Win32
		{EC10FA6B-CE54-4082-90C2-5901DF767AC7}.RelWithDebInfo|Win32.Build.0 = RelWithDebInfo|Win32
		{C22CAE54-0E8A-41B4-8621-1574299D9E7D}.Debug|Win32.ActiveCfg = Debug|Win32
		{C22CAE54-0E8A-41B4-8621-1574299D9E7D}.Debug|Win32.Build.0 = Debug|Win32
		{C22CAE54-0E8A-41B4-8621-1574299D9E7D}.Release|Win32.ActiveCfg = Release|Win32
		{C22CAE54-0E8A-41B4-8621-1574299D9E7D}.Release|Win32.Build.0 = Release|Win32
		{C22CAE54-0E8A-41B4-8621-1574299D9E7D}.MinSizeRel|Win32.ActiveCfg = MinSizeRel|Win32
		{C22CAE54-0E8A-41B4-8621-1574299D9E7D}.MinSizeRel|Win32.Build.0 = MinSizeRel|Win32
		{C22CAE54-0E8A-41B4-8621-1574299D9E7D}.RelWithDebInfo|Win32.ActiveCfg = RelWithDebInfo|Win32
		{C22CAE54-0E8A-41B4-8621-1574299D9E7D}.RelWithDebInfo|Win32.Build.0 = RelWithDebInfo|Win32
		{84EA0BCE-FE54-4F68-960C-674C28D01171}.Debug|Win32.ActiveCfg = Debug|Win32
		{84EA0BCE-FE54-4F68-960C-674C28D01171}.Debug|Win32.Build.0 = Debug|Win32
		{84EA0BCE-FE54-4F68-960C-674C28D01171}.Release|Win32.ActiveCfg = Release|Win32
		{84EA0BCE-FE54-4F68-960C-674C28D01171}.Release|Win32.Build.0 = Release|Win32
		{84EA0BCE-FE54-4F68-960C-674C28D01171}.MinSizeRel|Win32.ActiveCfg = MinSizeRel|Win32
		{84EA0BCE-FE54-4F68-960C-674C28D01171}.MinSizeRel|Win32.Build.0 = MinSizeRel|Win32
		{84EA0BCE-FE54-4F68-960C-674C28D01171}.RelWithDebInfo|Win32.ActiveCfg = RelWithDebInfo|Win32
		{84EA0BCE-FE54-4F68-960C-674C28D01171}.RelWithDebInfo|Win32.Build.0 = RelWithDebInfo|Win32
		{8CD6CB16-E5CA-4A4C-BD34-654CA3E01FA2}.Debug|Win32.ActiveCfg = Debug|Win32
		{8CD6CB16-E5CA-4A4C-BD34-654CA3E01FA2}.Debug|Win32.Build.0 = Debug|Win32
		{8CD6CB16-E5CA-4A4C-BD34-654CA3E01FA2}.Release|Win32.ActiveCfg = Release|Win32
		{8CD6CB16-E5CA-4A4C-BD34-654CA3E01FA2}.Release|Win32.Build.0 = Release|Win32
		{8CD6CB16-E5CA-4A4C-BD34-654CA3E01FA2}.MinSizeRel|Win32.ActiveCfg = MinSizeRel|Win32
		{8CD6CB16-E5CA-4A4C-BD34-654CA3E01FA2}.MinSizeRel|Win32.Build.0 = MinSizeRel|Win32
		{8CD6CB16-E5CA-4A4C-BD34-654CA3E01FA2}.RelWithDebInfo|Win32.ActiveCfg = RelWithDebInfo|Win32
		{8CD6CB16-E5CA-4A4C-BD34-654CA3E01FA2}.RelWithDebInfo|Win32.Build.0 = RelWithDebInfo|Win32
		{B6C9E9A0-ED69-4741-85B4-421502FFEDF9}.Debug|Win32.ActiveCfg = Debug|Win32
		{B6C9E9A0-ED69-4741-85B4-421502FFEDF9}.Debug|Win32.Build.0 = Debug|Win32
		{B6C9E9A0-ED69-4741-85B4-421502FFEDF9}.Release|Win32.ActiveCfg = Release|Win32
		{B6C9E9A0-ED69-4741-85B4-421502FFEDF9}.Release|Win32.Build.0 = Release|Win32
		{B6C9E9A0-ED69-4741-85B4-421502FFEDF9}.MinSizeRel|Win32.ActiveCfg = MinSizeRel|Win32
		{B6C9E9A0-ED69-4741-85B4-421502FFEDF9}.MinSizeRel|Win32.Build.0 = MinSizeRel|Win32
		{B6C9E9A0-ED69-4741-85B4-421502FFEDF9}.RelWithDebInfo|Win32.ActiveCfg = RelWithDebInfo|Win32
		{B6C9E9A0-ED69-4741-85B4-421502FFEDF9}.RelWithDebInfo|Win32.Build.0 = RelWithDebInfo|Win32
	EndGlobalSection
	GlobalSection(ExtensibilityGlobals) = postSolution
	EndGlobalSection
	GlobalSection(ExtensibilityAddIns) = postSolution
	EndGlobalSection
EndGlobal
