<?xml version="1.0" encoding="utf-8"?>
<Project ToolsVersion="4.0" xmlns="http://schemas.microsoft.com/developer/msbuild/2003">
  <ItemGroup>
    <ClCompile Include="PrecompiledHeaders\authPCH.cpp">
      <Filter>Source Files</Filter>
    </ClCompile>
    <ClCompile Include="Authentication\AuthCodes.cpp">
      <Filter>Source Files</Filter>
    </ClCompile>
    <ClCompile Include="Realms\RealmList.cpp">
      <Filter>Source Files</Filter>
    </ClCompile>
    <ClCompile Include="Server\AuthSocket.cpp">
      <Filter>Source Files</Filter>
    </ClCompile>
    <ClCompile Include="Server\RealmSocket.cpp">
      <Filter>Source Files</Filter>
    </ClCompile>
    <ClCompile Include="Main.cpp">
      <Filter>Source Files</Filter>
    </ClCompile>
    <ClCompile Include="..\shared\Debugging\WheatyExceptionReport.cpp">
      <Filter>Source Files</Filter>
    </ClCompile>
  </ItemGroup>
  <ItemGroup>
    <ClInclude Include="PrecompiledHeaders\authPCH.h">
      <Filter>Header Files</Filter>
    </ClInclude>
    <ClInclude Include="Authentication\AuthCodes.h">
      <Filter>Header Files</Filter>
    </ClInclude>
    <ClInclude Include="Realms\RealmList.h">
      <Filter>Header Files</Filter>
    </ClInclude>
    <ClInclude Include="Server\AuthSocket.h">
      <Filter>Header Files</Filter>
    </ClInclude>
    <ClInclude Include="Server\RealmAcceptor.h">
      <Filter>Header Files</Filter>
    </ClInclude>
    <ClInclude Include="Server\RealmSocket.h">
      <Filter>Header Files</Filter>
    </ClInclude>
    <ClInclude Include="resource.h">
      <Filter>Header Files</Filter>
    </ClInclude>
    <ClInclude Include="..\shared\Debugging\WheatyExceptionReport.h">
      <Filter>Header Files</Filter>
    </ClInclude>
  </ItemGroup>
  <ItemGroup>
    <ResourceCompile Include="authserver.rc">
      <Filter>Source Files</Filter>
    </ResourceCompile>
  </ItemGroup>
  <ItemGroup>
    <CustomBuild Include="CMakeLists.txt" />
  </ItemGroup>
  <ItemGroup>
    <Filter Include="Source Files">
      <UniqueIdentifier>{3BBA3DF8-A87E-414E-9AB0-2FFCB0E04EA0}</UniqueIdentifier>
    </Filter>
    <Filter Include="Header Files">
      <UniqueIdentifier>{A267A383-B1B3-49D1-ACD6-F0FCF0EB1010}</UniqueIdentifier>
    </Filter>
  </ItemGroup>
  <ItemGroup>
    <None Include="PrecompiledHeaders\authPCH.cpp">
      <Filter>Source Files</Filter>
    </None>
    <None Include="Authentication\AuthCodes.cpp">
      <Filter>Source Files</Filter>
    </None>
    <None Include="Realms\RealmList.cpp">
      <Filter>Source Files</Filter>
    </None>
    <None Include="Server\AuthSocket.cpp">
      <Filter>Source Files</Filter>
    </None>
    <None Include="Server\RealmSocket.cpp">
      <Filter>Source Files</Filter>
    </None>
    <None Include="Main.cpp">
      <Filter>Source Files</Filter>
    </None>
    <None Include="..\shared\Debugging\WheatyExceptionReport.cpp">
      <Filter>Source Files</Filter>
    </None>
  </ItemGroup>
</Project>
