<?xml version="1.0" encoding="utf-8"?>
<Project ToolsVersion="4.0" xmlns="http://schemas.microsoft.com/developer/msbuild/2003">
  <ItemGroup>
    <ClCompile Include="PrecompiledHeaders\worldPCH.cpp">
      <Filter>Source Files</Filter>
    </ClCompile>
    <ClCompile Include="CommandLine\CliRunnable.cpp">
      <Filter>Source Files</Filter>
    </ClCompile>
    <ClCompile Include="RemoteAccess\RARunnable.cpp">
      <Filter>Source Files</Filter>
    </ClCompile>
    <ClCompile Include="RemoteAccess\RASocket.cpp">
      <Filter>Source Files</Filter>
    </ClCompile>
    <ClCompile Include="TCSoap\TCSoap.cpp">
      <Filter>Source Files</Filter>
    </ClCompile>
    <ClCompile Include="WorldThread\WorldRunnable.cpp">
      <Filter>Source Files</Filter>
    </ClCompile>
    <ClCompile Include="Main.cpp">
      <Filter>Source Files</Filter>
    </ClCompile>
    <ClCompile Include="Master.cpp">
      <Filter>Source Files</Filter>
    </ClCompile>
    <ClCompile Include="..\shared\Debugging\WheatyExceptionReport.cpp">
      <Filter>Source Files</Filter>
    </ClCompile>
  </ItemGroup>
  <ItemGroup>
    <ClInclude Include="PrecompiledHeaders\worldPCH.h">
      <Filter>Header Files</Filter>
    </ClInclude>
    <ClInclude Include="CommandLine\CliRunnable.h">
      <Filter>Header Files</Filter>
    </ClInclude>
    <ClInclude Include="RemoteAccess\RARunnable.h">
      <Filter>Header Files</Filter>
    </ClInclude>
    <ClInclude Include="RemoteAccess\RASocket.h">
      <Filter>Header Files</Filter>
    </ClInclude>
    <ClInclude Include="TCSoap\TCSoap.h">
      <Filter>Header Files</Filter>
    </ClInclude>
    <ClInclude Include="WorldThread\WorldRunnable.h">
      <Filter>Header Files</Filter>
    </ClInclude>
    <ClInclude Include="Master.h">
      <Filter>Header Files</Filter>
    </ClInclude>
    <ClInclude Include="resource.h">
      <Filter>Header Files</Filter>
    </ClInclude>
    <ClInclude Include="..\shared\Debugging\WheatyExceptionReport.h">
      <Filter>Header Files</Filter>
    </ClInclude>
  </ItemGroup>
  <ItemGroup>
    <ResourceCompile Include="worldserver.rc">
      <Filter>Source Files</Filter>
    </ResourceCompile>
  </ItemGroup>
  <ItemGroup>
    <CustomBuild Include="CMakeLists.txt" />
  </ItemGroup>
  <ItemGroup>
    <Filter Include="Source Files">
      <UniqueIdentifier>{3BBA3DF8-A87E-414E-9AB0-2FFCB0E04EA0}</UniqueIdentifier>
    </Filter>
    <Filter Include="Header Files">
      <UniqueIdentifier>{A267A383-B1B3-49D1-ACD6-F0FCF0EB1010}</UniqueIdentifier>
    </Filter>
  </ItemGroup>
  <ItemGroup>
    <None Include="PrecompiledHeaders\worldPCH.cpp">
      <Filter>Source Files</Filter>
    </None>
    <None Include="CommandLine\CliRunnable.cpp">
      <Filter>Source Files</Filter>
    </None>
    <None Include="RemoteAccess\RARunnable.cpp">
      <Filter>Source Files</Filter>
    </None>
    <None Include="RemoteAccess\RASocket.cpp">
      <Filter>Source Files</Filter>
    </None>
    <None Include="TCSoap\TCSoap.cpp">
      <Filter>Source Files</Filter>
    </None>
    <None Include="WorldThread\WorldRunnable.cpp">
      <Filter>Source Files</Filter>
    </None>
    <None Include="Main.cpp">
      <Filter>Source Files</Filter>
    </None>
    <None Include="Master.cpp">
      <Filter>Source Files</Filter>
    </None>
    <None Include="..\shared\Debugging\WheatyExceptionReport.cpp">
      <Filter>Source Files</Filter>
    </None>
  </ItemGroup>
</Project>
